
Microsoft Visual Studio Solution File, Format Version 12.00
# Visual Studio Version 17
VisualStudioVersion = 17.13.35931.197
MinimumVisualStudioVersion = 10.0.40219.1
Project("{2150E333-8FDC-42A3-9474-1A3956D46DE8}") = "App", "App", "{2B00A3BC-7E61-4FC9-ABF2-7A93AAE2F1B5}"
EndProject
Project("{2150E333-8FDC-42A3-9474-1A3956D46DE8}") = "Engine", "Engine", "{E54CDEBA-2015-4DF6-980E-F73A69FE7D93}"
EndProject
Project("{FAE04EC0-301F-11D3-BF4B-00C04F79EFBC}") = "ORBIT9000.Engine", "src\App\Engine\ORBIT9000.Engine.csproj", "{F69CCC30-70F6-E8D1-9DB5-D935FD45F674}"
EndProject
Project("{2150E333-8FDC-42A3-9474-1A3956D46DE8}") = "GUI", "GUI", "{55DC8604-95D2-4A8C-A660-AB325BBA28B7}"
EndProject
Project("{FAE04EC0-301F-11D3-BF4B-00C04F79EFBC}") = "EngineTerminal", "src\App\GUI\EngineTerminal\EngineTerminal.csproj", "{F26D9D68-6E14-4030-914D-9B1D0DC84107}"
EndProject
Project("{2150E333-8FDC-42A3-9474-1A3956D46DE8}") = "CustomControls", "CustomControls", "{0C471927-5E4B-4073-AFAB-1EEF240A79FA}"
EndProject
Project("{FAE04EC0-301F-11D3-BF4B-00C04F79EFBC}") = "Terminal.Gui.CustomViews", "src\App\GUI\CustomControls\PropertyGrid\Terminal.Gui.CustomViews.csproj", "{F304A796-1821-BA2F-9817-862F837AC00F}"
EndProject
Project("{2150E333-8FDC-42A3-9474-1A3956D46DE8}") = "PoC", "PoC", "{D146F833-BABD-4128-9C25-FBBF7138BF46}"
EndProject
Project("{FAE04EC0-301F-11D3-BF4B-00C04F79EFBC}") = "ORBIT9000.PoCDemo", "src\App\PoC\PoCDemo\ORBIT9000.PoCDemo.csproj", "{8B3E39D2-05C7-4E1C-843C-49E93C788910}"
EndProject
Project("{2150E333-8FDC-42A3-9474-1A3956D46DE8}") = "Data", "Data", "{83074B7F-FB5A-4943-99C2-4D63CCAF0EF3}"
EndProject
Project("{FAE04EC0-301F-11D3-BF4B-00C04F79EFBC}") = "ORBIT9000.Data", "src\Data\ORBIT9000.Data.csproj", "{4034D6BA-842F-03FF-845D-44FD53BE49F3}"
EndProject
Project("{2150E333-8FDC-42A3-9474-1A3956D46DE8}") = "Plugins", "Plugins", "{02EA681E-C7D8-13C7-8484-4AC65E1B71E8}"
EndProject
Project("{FAE04EC0-301F-11D3-BF4B-00C04F79EFBC}") = "ORBIT9000.Plugins.Example2", "src\Plugins\Example2\ORBIT9000.Plugins.Example2.csproj", "{6E5662E1-0C19-4DFB-ACF5-FF4DB03CB66D}"
EndProject
Project("{FAE04EC0-301F-11D3-BF4B-00C04F79EFBC}") = "ORBIT9000.Plugins.ScheduleExample2", "src\Plugins\Schedule\ScheduleExample2\ORBIT9000.Plugins.ScheduleExample2.csproj", "{EF75F4FD-3519-8E5B-FEE4-55D965D49705}"
EndProject
Project("{FAE04EC0-301F-11D3-BF4B-00C04F79EFBC}") = "ORBIT9000.Plugins.ScheduleExample3", "src\Plugins\Schedule\ScheduleExample3\ORBIT9000.Plugins.ScheduleExample3.csproj", "{402B266D-DF50-5BAC-F04E-4A1F80F2B1B6}"
EndProject
Project("{FAE04EC0-301F-11D3-BF4B-00C04F79EFBC}") = "ORBIT9000.Plugins.ScheduleExample4", "src\Plugins\Schedule\ScheduleExample4\ORBIT9000.Plugins.ScheduleExample4.csproj", "{51B0A974-B524-8078-0810-EDD33FC5C31F}"
EndProject
Project("{FAE04EC0-301F-11D3-BF4B-00C04F79EFBC}") = "ORBIT9000.Plugins.Example", "src\Plugins\Example\ORBIT9000.Plugins.Example.csproj", "{3836CC2D-7B15-B21B-7EC6-B8735EC097EC}"
EndProject
Project("{2150E333-8FDC-42A3-9474-1A3956D46DE8}") = "Singleton", "Singleton", "{51107270-1085-4A00-9287-D6E846ADD5D9}"
EndProject
Project("{2150E333-8FDC-42A3-9474-1A3956D46DE8}") = "Tests", "Tests", "{18E097C7-1D24-4B62-B0E8-0E7D49C34203}"
EndProject
Project("{FAE04EC0-301F-11D3-BF4B-00C04F79EFBC}") = "ORBIT9000.Engine.Tests", "Tests\Engine\ORBIT9000.Engine.Tests.csproj", "{0BFE354F-3D2F-1989-BFBD-FA73304DC168}"
EndProject
Project("{2150E333-8FDC-42A3-9474-1A3956D46DE8}") = "Common", "Common", "{0FAA5A8C-F297-45F7-87FB-D982776308E4}"
EndProject
Project("{FAE04EC0-301F-11D3-BF4B-00C04F79EFBC}") = "ORBIT9000.Plugins.Example.Common", "src\Plugins\Common\ORBIT9000.Plugins.Example.Common.csproj", "{5D985238-F0C0-4EEE-A4A0-8599E33FD8C1}"
EndProject
Project("{2150E333-8FDC-42A3-9474-1A3956D46DE8}") = "Schedule", "Schedule", "{0BEBB4DB-346F-45DB-AF80-BA802881D08B}"
EndProject
Project("{FAE04EC0-301F-11D3-BF4B-00C04F79EFBC}") = "ORBIT9000.ExampleDomain", "src\Domain\ORBIT9000.Domain\ORBIT9000.ExampleDomain.csproj", "{2C9441F2-9989-41B4-B0FC-3AA5F2CDFF24}"
EndProject
Project("{2150E333-8FDC-42A3-9474-1A3956D46DE8}") = "Domain", "Domain", "{C5EF006A-B2C1-4C82-BA99-1AC909B8854D}"
EndProject
Project("{2150E333-8FDC-42A3-9474-1A3956D46DE8}") = "Core", "Core", "{F4E5FFFE-BF63-489F-A360-99A4679D29D0}"
EndProject
Project("{FAE04EC0-301F-11D3-BF4B-00C04F79EFBC}") = "ORBIT9000.Core", "src\App\Core\Coupled\ORBIT9000.Core.csproj", "{661B708E-9CD7-DE40-E656-17D0577EEAC2}"
EndProject
Project("{FAE04EC0-301F-11D3-BF4B-00C04F79EFBC}") = "ORBIT9000.Abstractions", "src\App\Core\Abstractions\ORBIT9000.Abstractions.csproj", "{1342020E-A74A-455B-2F46-8188363954FC}"
EndProject
Global
	GlobalSection(SolutionConfigurationPlatforms) = preSolution
		Debug|Any CPU = Debug|Any CPU
		Release|Any CPU = Release|Any CPU
	EndGlobalSection
	GlobalSection(ProjectConfigurationPlatforms) = postSolution
		{F69CCC30-70F6-E8D1-9DB5-D935FD45F674}.Debug|Any CPU.ActiveCfg = Debug|Any CPU
		{F69CCC30-70F6-E8D1-9DB5-D935FD45F674}.Debug|Any CPU.Build.0 = Debug|Any CPU
		{F69CCC30-70F6-E8D1-9DB5-D935FD45F674}.Release|Any CPU.ActiveCfg = Release|Any CPU
		{F69CCC30-70F6-E8D1-9DB5-D935FD45F674}.Release|Any CPU.Build.0 = Release|Any CPU
		{F26D9D68-6E14-4030-914D-9B1D0DC84107}.Debug|Any CPU.ActiveCfg = Debug|Any CPU
		{F26D9D68-6E14-4030-914D-9B1D0DC84107}.Debug|Any CPU.Build.0 = Debug|Any CPU
		{F26D9D68-6E14-4030-914D-9B1D0DC84107}.Release|Any CPU.ActiveCfg = Release|Any CPU
		{F26D9D68-6E14-4030-914D-9B1D0DC84107}.Release|Any CPU.Build.0 = Release|Any CPU
		{F304A796-1821-BA2F-9817-862F837AC00F}.Debug|Any CPU.ActiveCfg = Debug|Any CPU
		{F304A796-1821-BA2F-9817-862F837AC00F}.Debug|Any CPU.Build.0 = Debug|Any CPU
		{F304A796-1821-BA2F-9817-862F837AC00F}.Release|Any CPU.ActiveCfg = Release|Any CPU
		{F304A796-1821-BA2F-9817-862F837AC00F}.Release|Any CPU.Build.0 = Release|Any CPU
		{8B3E39D2-05C7-4E1C-843C-49E93C788910}.Debug|Any CPU.ActiveCfg = Debug|Any CPU
		{8B3E39D2-05C7-4E1C-843C-49E93C788910}.Debug|Any CPU.Build.0 = Debug|Any CPU
		{8B3E39D2-05C7-4E1C-843C-49E93C788910}.Release|Any CPU.ActiveCfg = Release|Any CPU
		{8B3E39D2-05C7-4E1C-843C-49E93C788910}.Release|Any CPU.Build.0 = Release|Any CPU
		{4034D6BA-842F-03FF-845D-44FD53BE49F3}.Debug|Any CPU.ActiveCfg = Debug|Any CPU
		{4034D6BA-842F-03FF-845D-44FD53BE49F3}.Debug|Any CPU.Build.0 = Debug|Any CPU
		{4034D6BA-842F-03FF-845D-44FD53BE49F3}.Release|Any CPU.ActiveCfg = Release|Any CPU
		{4034D6BA-842F-03FF-845D-44FD53BE49F3}.Release|Any CPU.Build.0 = Release|Any CPU
		{6E5662E1-0C19-4DFB-ACF5-FF4DB03CB66D}.Debug|Any CPU.ActiveCfg = Debug|Any CPU
		{6E5662E1-0C19-4DFB-ACF5-FF4DB03CB66D}.Debug|Any CPU.Build.0 = Debug|Any CPU
		{6E5662E1-0C19-4DFB-ACF5-FF4DB03CB66D}.Release|Any CPU.ActiveCfg = Release|Any CPU
		{6E5662E1-0C19-4DFB-ACF5-FF4DB03CB66D}.Release|Any CPU.Build.0 = Release|Any CPU
		{EF75F4FD-3519-8E5B-FEE4-55D965D49705}.Debug|Any CPU.ActiveCfg = Debug|Any CPU
		{EF75F4FD-3519-8E5B-FEE4-55D965D49705}.Debug|Any CPU.Build.0 = Debug|Any CPU
		{EF75F4FD-3519-8E5B-FEE4-55D965D49705}.Release|Any CPU.ActiveCfg = Release|Any CPU
		{EF75F4FD-3519-8E5B-FEE4-55D965D49705}.Release|Any CPU.Build.0 = Release|Any CPU
		{402B266D-DF50-5BAC-F04E-4A1F80F2B1B6}.Debug|Any CPU.ActiveCfg = Debug|Any CPU
		{402B266D-DF50-5BAC-F04E-4A1F80F2B1B6}.Debug|Any CPU.Build.0 = Debug|Any CPU
		{402B266D-DF50-5BAC-F04E-4A1F80F2B1B6}.Release|Any CPU.ActiveCfg = Release|Any CPU
		{402B266D-DF50-5BAC-F04E-4A1F80F2B1B6}.Release|Any CPU.Build.0 = Release|Any CPU
		{51B0A974-B524-8078-0810-EDD33FC5C31F}.Debug|Any CPU.ActiveCfg = Debug|Any CPU
		{51B0A974-B524-8078-0810-EDD33FC5C31F}.Debug|Any CPU.Build.0 = Debug|Any CPU
		{51B0A974-B524-8078-0810-EDD33FC5C31F}.Release|Any CPU.ActiveCfg = Release|Any CPU
		{51B0A974-B524-8078-0810-EDD33FC5C31F}.Release|Any CPU.Build.0 = Release|Any CPU
		{3836CC2D-7B15-B21B-7EC6-B8735EC097EC}.Debug|Any CPU.ActiveCfg = Debug|Any CPU
		{3836CC2D-7B15-B21B-7EC6-B8735EC097EC}.Debug|Any CPU.Build.0 = Debug|Any CPU
		{3836CC2D-7B15-B21B-7EC6-B8735EC097EC}.Release|Any CPU.ActiveCfg = Release|Any CPU
		{3836CC2D-7B15-B21B-7EC6-B8735EC097EC}.Release|Any CPU.Build.0 = Release|Any CPU
		{0BFE354F-3D2F-1989-BFBD-FA73304DC168}.Debug|Any CPU.ActiveCfg = Debug|Any CPU
		{0BFE354F-3D2F-1989-BFBD-FA73304DC168}.Debug|Any CPU.Build.0 = Debug|Any CPU
		{0BFE354F-3D2F-1989-BFBD-FA73304DC168}.Release|Any CPU.ActiveCfg = Release|Any CPU
		{0BFE354F-3D2F-1989-BFBD-FA73304DC168}.Release|Any CPU.Build.0 = Release|Any CPU
		{5D985238-F0C0-4EEE-A4A0-8599E33FD8C1}.Debug|Any CPU.ActiveCfg = Debug|Any CPU
		{5D985238-F0C0-4EEE-A4A0-8599E33FD8C1}.Debug|Any CPU.Build.0 = Debug|Any CPU
		{5D985238-F0C0-4EEE-A4A0-8599E33FD8C1}.Release|Any CPU.ActiveCfg = Release|Any CPU
		{5D985238-F0C0-4EEE-A4A0-8599E33FD8C1}.Release|Any CPU.Build.0 = Release|Any CPU
		{2C9441F2-9989-41B4-B0FC-3AA5F2CDFF24}.Debug|Any CPU.ActiveCfg = Debug|Any CPU
		{2C9441F2-9989-41B4-B0FC-3AA5F2CDFF24}.Debug|Any CPU.Build.0 = Debug|Any CPU
		{2C9441F2-9989-41B4-B0FC-3AA5F2CDFF24}.Release|Any CPU.ActiveCfg = Release|Any CPU
		{2C9441F2-9989-41B4-B0FC-3AA5F2CDFF24}.Release|Any CPU.Build.0 = Release|Any CPU
		{661B708E-9CD7-DE40-E656-17D0577EEAC2}.Debug|Any CPU.ActiveCfg = Debug|Any CPU
		{661B708E-9CD7-DE40-E656-17D0577EEAC2}.Debug|Any CPU.Build.0 = Debug|Any CPU
		{661B708E-9CD7-DE40-E656-17D0577EEAC2}.Release|Any CPU.ActiveCfg = Release|Any CPU
		{661B708E-9CD7-DE40-E656-17D0577EEAC2}.Release|Any CPU.Build.0 = Release|Any CPU
		{1342020E-A74A-455B-2F46-8188363954FC}.Debug|Any CPU.ActiveCfg = Debug|Any CPU
		{1342020E-A74A-455B-2F46-8188363954FC}.Debug|Any CPU.Build.0 = Debug|Any CPU
		{1342020E-A74A-455B-2F46-8188363954FC}.Release|Any CPU.ActiveCfg = Release|Any CPU
		{1342020E-A74A-455B-2F46-8188363954FC}.Release|Any CPU.Build.0 = Release|Any CPU
	EndGlobalSection
	GlobalSection(SolutionProperties) = preSolution
		HideSolutionNode = FALSE
	EndGlobalSection
	GlobalSection(NestedProjects) = preSolution
		{E54CDEBA-2015-4DF6-980E-F73A69FE7D93} = {2B00A3BC-7E61-4FC9-ABF2-7A93AAE2F1B5}
		{F69CCC30-70F6-E8D1-9DB5-D935FD45F674} = {E54CDEBA-2015-4DF6-980E-F73A69FE7D93}
		{55DC8604-95D2-4A8C-A660-AB325BBA28B7} = {2B00A3BC-7E61-4FC9-ABF2-7A93AAE2F1B5}
		{F26D9D68-6E14-4030-914D-9B1D0DC84107} = {55DC8604-95D2-4A8C-A660-AB325BBA28B7}
		{0C471927-5E4B-4073-AFAB-1EEF240A79FA} = {55DC8604-95D2-4A8C-A660-AB325BBA28B7}
		{F304A796-1821-BA2F-9817-862F837AC00F} = {0C471927-5E4B-4073-AFAB-1EEF240A79FA}
		{D146F833-BABD-4128-9C25-FBBF7138BF46} = {2B00A3BC-7E61-4FC9-ABF2-7A93AAE2F1B5}
		{8B3E39D2-05C7-4E1C-843C-49E93C788910} = {D146F833-BABD-4128-9C25-FBBF7138BF46}
		{4034D6BA-842F-03FF-845D-44FD53BE49F3} = {83074B7F-FB5A-4943-99C2-4D63CCAF0EF3}
		{6E5662E1-0C19-4DFB-ACF5-FF4DB03CB66D} = {02EA681E-C7D8-13C7-8484-4AC65E1B71E8}
		{EF75F4FD-3519-8E5B-FEE4-55D965D49705} = {0BEBB4DB-346F-45DB-AF80-BA802881D08B}
		{402B266D-DF50-5BAC-F04E-4A1F80F2B1B6} = {0BEBB4DB-346F-45DB-AF80-BA802881D08B}
		{51B0A974-B524-8078-0810-EDD33FC5C31F} = {0BEBB4DB-346F-45DB-AF80-BA802881D08B}
		{3836CC2D-7B15-B21B-7EC6-B8735EC097EC} = {51107270-1085-4A00-9287-D6E846ADD5D9}
		{51107270-1085-4A00-9287-D6E846ADD5D9} = {02EA681E-C7D8-13C7-8484-4AC65E1B71E8}
		{0BFE354F-3D2F-1989-BFBD-FA73304DC168} = {18E097C7-1D24-4B62-B0E8-0E7D49C34203}
		{0FAA5A8C-F297-45F7-87FB-D982776308E4} = {02EA681E-C7D8-13C7-8484-4AC65E1B71E8}
		{5D985238-F0C0-4EEE-A4A0-8599E33FD8C1} = {0FAA5A8C-F297-45F7-87FB-D982776308E4}
		{0BEBB4DB-346F-45DB-AF80-BA802881D08B} = {02EA681E-C7D8-13C7-8484-4AC65E1B71E8}
		{2C9441F2-9989-41B4-B0FC-3AA5F2CDFF24} = {C5EF006A-B2C1-4C82-BA99-1AC909B8854D}
		{661B708E-9CD7-DE40-E656-17D0577EEAC2} = {F4E5FFFE-BF63-489F-A360-99A4679D29D0}
		{1342020E-A74A-455B-2F46-8188363954FC} = {F4E5FFFE-BF63-489F-A360-99A4679D29D0}
	EndGlobalSection
	GlobalSection(ExtensibilityGlobals) = postSolution
		SolutionGuid = {B7C1FD45-B625-41CA-9EA3-8BC7CDA6B514}
	EndGlobalSection
EndGlobal
