
Microsoft Visual Studio Solution File, Format Version 12.00
# Visual Studio Version 17
VisualStudioVersion = 17.13.35931.197
MinimumVisualStudioVersion = 10.0.40219.1
Project("{FAE04EC0-301F-11D3-BF4B-00C04F79EFBC}") = "ORBIT9000.Engine", "src\App\Engine\ORBIT9000.Engine.csproj", "{F69CCC30-70F6-E8D1-9DB5-D935FD45F674}"
EndProject
Project("{2150E333-8FDC-42A3-9474-1A3956D46DE8}") = "PoC", "PoC", "{D146F833-BABD-4128-9C25-FBBF7138BF46}"
EndProject
Project("{2150E333-8FDC-42A3-9474-1A3956D46DE8}") = "Core", "Core", "{975935B5-6DD2-4C05-9B8D-FFB4BB5B2CDE}"
EndProject
Project("{FAE04EC0-301F-11D3-BF4B-00C04F79EFBC}") = "ORBIT9000.Core", "src\App\Core\ORBIT9000.Core.csproj", "{D7CFC062-671D-9955-CD1A-4EEE26FDD709}"
EndProject
Project("{2150E333-8FDC-42A3-9474-1A3956D46DE8}") = "Engine", "Engine", "{E54CDEBA-2015-4DF6-980E-F73A69FE7D93}"
EndProject
Project("{FAE04EC0-301F-11D3-BF4B-00C04F79EFBC}") = "ORBIT9000.PoCDemo", "src\App\PoC\PoCDemo\ORBIT9000.PoCDemo.csproj", "{8B3E39D2-05C7-4E1C-843C-49E93C788910}"
EndProject
Project("{2150E333-8FDC-42A3-9474-1A3956D46DE8}") = "Plugins", "Plugins", "{02EA681E-C7D8-13C7-8484-4AC65E1B71E8}"
EndProject
Project("{FAE04EC0-301F-11D3-BF4B-00C04F79EFBC}") = "ORBIT9000.Plugins.Example", "src\Plugins\Example\ORBIT9000.Plugins.Example.csproj", "{3836CC2D-7B15-B21B-7EC6-B8735EC097EC}"
EndProject
Project("{FAE04EC0-301F-11D3-BF4B-00C04F79EFBC}") = "ORBIT9000.Plugins.Example2", "src\Plugins\Example2\ORBIT9000.Plugins.Example2.csproj", "{6E5662E1-0C19-4DFB-ACF5-FF4DB03CB66D}"
EndProject
Project("{2150E333-8FDC-42A3-9474-1A3956D46DE8}") = "GUI", "GUI", "{55DC8604-95D2-4A8C-A660-AB325BBA28B7}"
EndProject
Project("{FAE04EC0-301F-11D3-BF4B-00C04F79EFBC}") = "EngineTerminal", "src\App\GUI\EngineTerminal\EngineTerminal.csproj", "{F26D9D68-6E14-4030-914D-9B1D0DC84107}"
EndProject
Project("{2150E333-8FDC-42A3-9474-1A3956D46DE8}") = "CustomControls", "CustomControls", "{0C471927-5E4B-4073-AFAB-1EEF240A79FA}"
EndProject
Project("{FAE04EC0-301F-11D3-BF4B-00C04F79EFBC}") = "Terminal.Gui.CustomViews", "src\App\GUI\CustomControls\PropertyGrid\Terminal.Gui.CustomViews.csproj", "{F304A796-1821-BA2F-9817-862F837AC00F}"
EndProject
Project("{FAE04EC0-301F-11D3-BF4B-00C04F79EFBC}") = "LinkedIn.JobApplier", "src\Plugins\LinkedIn.JobApplier\LinkedIn.JobApplier.csproj", "{68A0FDAC-FE38-3451-B50E-D99F5E9B0A51}"
EndProject
Global
	GlobalSection(SolutionConfigurationPlatforms) = preSolution
		Debug|Any CPU = Debug|Any CPU
		Release|Any CPU = Release|Any CPU
	EndGlobalSection
	GlobalSection(ProjectConfigurationPlatforms) = postSolution
		{F69CCC30-70F6-E8D1-9DB5-D935FD45F674}.Debug|Any CPU.ActiveCfg = Debug|Any CPU
		{F69CCC30-70F6-E8D1-9DB5-D935FD45F674}.Debug|Any CPU.Build.0 = Debug|Any CPU
		{F69CCC30-70F6-E8D1-9DB5-D935FD45F674}.Release|Any CPU.ActiveCfg = Release|Any CPU
		{F69CCC30-70F6-E8D1-9DB5-D935FD45F674}.Release|Any CPU.Build.0 = Release|Any CPU
		{D7CFC062-671D-9955-CD1A-4EEE26FDD709}.Debug|Any CPU.ActiveCfg = Debug|Any CPU
		{D7CFC062-671D-9955-CD1A-4EEE26FDD709}.Debug|Any CPU.Build.0 = Debug|Any CPU
		{D7CFC062-671D-9955-CD1A-4EEE26FDD709}.Release|Any CPU.ActiveCfg = Release|Any CPU
		{D7CFC062-671D-9955-CD1A-4EEE26FDD709}.Release|Any CPU.Build.0 = Release|Any CPU
		{8B3E39D2-05C7-4E1C-843C-49E93C788910}.Debug|Any CPU.ActiveCfg = Debug|Any CPU
		{8B3E39D2-05C7-4E1C-843C-49E93C788910}.Debug|Any CPU.Build.0 = Debug|Any CPU
		{8B3E39D2-05C7-4E1C-843C-49E93C788910}.Release|Any CPU.ActiveCfg = Release|Any CPU
		{8B3E39D2-05C7-4E1C-843C-49E93C788910}.Release|Any CPU.Build.0 = Release|Any CPU
		{3836CC2D-7B15-B21B-7EC6-B8735EC097EC}.Debug|Any CPU.ActiveCfg = Debug|Any CPU
		{3836CC2D-7B15-B21B-7EC6-B8735EC097EC}.Debug|Any CPU.Build.0 = Debug|Any CPU
		{3836CC2D-7B15-B21B-7EC6-B8735EC097EC}.Release|Any CPU.ActiveCfg = Release|Any CPU
		{3836CC2D-7B15-B21B-7EC6-B8735EC097EC}.Release|Any CPU.Build.0 = Release|Any CPU
		{6E5662E1-0C19-4DFB-ACF5-FF4DB03CB66D}.Debug|Any CPU.ActiveCfg = Debug|Any CPU
		{6E5662E1-0C19-4DFB-ACF5-FF4DB03CB66D}.Debug|Any CPU.Build.0 = Debug|Any CPU
		{6E5662E1-0C19-4DFB-ACF5-FF4DB03CB66D}.Release|Any CPU.ActiveCfg = Release|Any CPU
		{6E5662E1-0C19-4DFB-ACF5-FF4DB03CB66D}.Release|Any CPU.Build.0 = Release|Any CPU
		{F26D9D68-6E14-4030-914D-9B1D0DC84107}.Debug|Any CPU.ActiveCfg = Debug|Any CPU
		{F26D9D68-6E14-4030-914D-9B1D0DC84107}.Debug|Any CPU.Build.0 = Debug|Any CPU
		{F26D9D68-6E14-4030-914D-9B1D0DC84107}.Release|Any CPU.ActiveCfg = Release|Any CPU
		{F26D9D68-6E14-4030-914D-9B1D0DC84107}.Release|Any CPU.Build.0 = Release|Any CPU
		{F304A796-1821-BA2F-9817-862F837AC00F}.Debug|Any CPU.ActiveCfg = Debug|Any CPU
		{F304A796-1821-BA2F-9817-862F837AC00F}.Debug|Any CPU.Build.0 = Debug|Any CPU
		{F304A796-1821-BA2F-9817-862F837AC00F}.Release|Any CPU.ActiveCfg = Release|Any CPU
		{F304A796-1821-BA2F-9817-862F837AC00F}.Release|Any CPU.Build.0 = Release|Any CPU
		{68A0FDAC-FE38-3451-B50E-D99F5E9B0A51}.Debug|Any CPU.ActiveCfg = Debug|Any CPU
		{68A0FDAC-FE38-3451-B50E-D99F5E9B0A51}.Debug|Any CPU.Build.0 = Debug|Any CPU
		{68A0FDAC-FE38-3451-B50E-D99F5E9B0A51}.Release|Any CPU.ActiveCfg = Release|Any CPU
		{68A0FDAC-FE38-3451-B50E-D99F5E9B0A51}.Release|Any CPU.Build.0 = Release|Any CPU
	EndGlobalSection
	GlobalSection(SolutionProperties) = preSolution
		HideSolutionNode = FALSE
	EndGlobalSection
	GlobalSection(NestedProjects) = preSolution
		{F69CCC30-70F6-E8D1-9DB5-D935FD45F674} = {E54CDEBA-2015-4DF6-980E-F73A69FE7D93}
		{D7CFC062-671D-9955-CD1A-4EEE26FDD709} = {975935B5-6DD2-4C05-9B8D-FFB4BB5B2CDE}
		{8B3E39D2-05C7-4E1C-843C-49E93C788910} = {D146F833-BABD-4128-9C25-FBBF7138BF46}
		{02EA681E-C7D8-13C7-8484-4AC65E1B71E8} = {D146F833-BABD-4128-9C25-FBBF7138BF46}
		{3836CC2D-7B15-B21B-7EC6-B8735EC097EC} = {02EA681E-C7D8-13C7-8484-4AC65E1B71E8}
		{6E5662E1-0C19-4DFB-ACF5-FF4DB03CB66D} = {02EA681E-C7D8-13C7-8484-4AC65E1B71E8}
		{F26D9D68-6E14-4030-914D-9B1D0DC84107} = {55DC8604-95D2-4A8C-A660-AB325BBA28B7}
		{0C471927-5E4B-4073-AFAB-1EEF240A79FA} = {55DC8604-95D2-4A8C-A660-AB325BBA28B7}
		{F304A796-1821-BA2F-9817-862F837AC00F} = {0C471927-5E4B-4073-AFAB-1EEF240A79FA}
		{68A0FDAC-FE38-3451-B50E-D99F5E9B0A51} = {02EA681E-C7D8-13C7-8484-4AC65E1B71E8}
	EndGlobalSection
	GlobalSection(ExtensibilityGlobals) = postSolution
		SolutionGuid = {B7C1FD45-B625-41CA-9EA3-8BC7CDA6B514}
	EndGlobalSection
EndGlobal
