
Microsoft Visual Studio Solution File, Format Version 12.00
# Visual Studio Version 17
VisualStudioVersion = 17.13.35931.197 d17.13
MinimumVisualStudioVersion = 10.0.40219.1
Project("{FAE04EC0-301F-11D3-BF4B-00C04F79EFBC}") = "ConsoleApp1", "ConsoleApp1\ConsoleApp1.csproj", "{CFF1FF21-F855-462A-A8B6-6E3032E6E5EA}"
EndProject
Global
	GlobalSection(SolutionConfigurationPlatforms) = preSolution
		Debug|Any CPU = Debug|Any CPU
		Release|Any CPU = Release|Any CPU
	EndGlobalSection
	GlobalSection(ProjectConfigurationPlatforms) = postSolution
		{CFF1FF21-F855-462A-A8B6-6E3032E6E5EA}.Debug|Any CPU.ActiveCfg = Debug|Any CPU
		{CFF1FF21-F855-462A-A8B6-6E3032E6E5EA}.Debug|Any CPU.Build.0 = Debug|Any CPU
		{CFF1FF21-F855-462A-A8B6-6E3032E6E5EA}.Release|Any CPU.ActiveCfg = Release|Any CPU
		{CFF1FF21-F855-462A-A8B6-6E3032E6E5EA}.Release|Any CPU.Build.0 = Release|Any CPU
	EndGlobalSection
	GlobalSection(SolutionProperties) = preSolution
		HideSolutionNode = FALSE
	EndGlobalSection
	GlobalSection(ExtensibilityGlobals) = postSolution
		SolutionGuid = {BE740E58-3483-48F0-A69F-04AE6F7ACC64}
	EndGlobalSection
EndGlobal
